# THIS IS AN AUTOGENERATED FILE. DO NOT EDIT THIS FILE DIRECTLY.
# yarn lockfile v1


baobab@^2.6.1:
  version "2.6.1"
  resolved "https://registry.yarnpkg.com/baobab/-/baobab-2.6.1.tgz#2d0d435b865603a0144d59b3404b5c5064d2f013"
  integrity sha512-/kLgRbQF+1bdwgs0SaNuASB9qmB3q7OsDUTOGScKa+1zY3PKw5NOW3Cf23Lun+UHH8wXJdQxGiyYkv3W1YsAGA==
  dependencies:
    emmett "^3.2.0"

emmett@^3.2.0:
  version "3.2.0"
  resolved "https://registry.yarnpkg.com/emmett/-/emmett-3.2.0.tgz#f6c5912760f13df66d401df7f9d2c4e657fc40a6"
  integrity sha512-GLOQAzo1+ETCJPDKaSOXANSp1OZafBtL84dO4keY3ah4JTyL26wq0VObmBQ/9fol2Gup5y7e6YhOUd7Fx7H9Ww==
